dependencies:
- name: ws-gateway
  repository: ""
  version: 1.0.0
- name: ws-server
  repository: ""
  version: 1.0.0
- name: provisioning
  repository: ""
  version: 1.0.0
- name: postgresql
  repository: ""
  version: 1.0.0
- name: redpanda
  repository: ""
  version: 1.0.0
- name: valkey
  repository: ""
  version: 1.0.0
- name: monitoring
  repository: ""
  version: 1.0.0
digest: sha256:30c476c902d1e8719e1fb1766302ce26e492625610bd0726cc6bf29d0f675aa0
generated: "2026-02-04T18:53:31.037962+08:00"
